
Microsoft Visual Studio Solution File, Format Version 12.00
# Visual Studio Version 17
VisualStudioVersion = 17.11.35219.272
MinimumVisualStudioVersion = 10.0.40219.1
Project("{9A19103F-16F7-4668-BE54-9A1E7A4F7556}") = "ShoppingApp.API", "ShoppingApp.API\ShoppingApp.API.csproj", "{B4FBBBE9-A650-4975-9196-A5841F572C87}"
EndProject
Project("{9A19103F-16F7-4668-BE54-9A1E7A4F7556}") = "ShoppingApp.Core", "ShoppingApp.Core\ShoppingApp.Core.csproj", "{C7CD03C5-5827-414D-BF22-70B825E8E3FC}"
EndProject
Global
	GlobalSection(SolutionConfigurationPlatforms) = preSolution
		Debug|Any CPU = Debug|Any CPU
		Release|Any CPU = Release|Any CPU
	EndGlobalSection
	GlobalSection(ProjectConfigurationPlatforms) = postSolution
		{B4FBBBE9-A650-4975-9196-A5841F572C87}.Debug|Any CPU.ActiveCfg = Debug|Any CPU
		{B4FBBBE9-A650-4975-9196-A5841F572C87}.Debug|Any CPU.Build.0 = Debug|Any CPU
		{B4FBBBE9-A650-4975-9196-A5841F572C87}.Release|Any CPU.ActiveCfg = Release|Any CPU
		{B4FBBBE9-A650-4975-9196-A5841F572C87}.Release|Any CPU.Build.0 = Release|Any CPU
		{C7CD03C5-5827-414D-BF22-70B825E8E3FC}.Debug|Any CPU.ActiveCfg = Debug|Any CPU
		{C7CD03C5-5827-414D-BF22-70B825E8E3FC}.Debug|Any CPU.Build.0 = Debug|Any CPU
		{C7CD03C5-5827-414D-BF22-70B825E8E3FC}.Release|Any CPU.ActiveCfg = Release|Any CPU
		{C7CD03C5-5827-414D-BF22-70B825E8E3FC}.Release|Any CPU.Build.0 = Release|Any CPU
	EndGlobalSection
	GlobalSection(SolutionProperties) = preSolution
		HideSolutionNode = FALSE
	EndGlobalSection
	GlobalSection(ExtensibilityGlobals) = postSolution
		SolutionGuid = {CE099850-AF17-4D9E-9CD0-7BCCCBC4A489}
	EndGlobalSection
EndGlobal
